
Microsoft Visual Studio Solution File, Format Version 12.00
# Visual Studio 15
VisualStudioVersion = 15.0.28307.960
MinimumVisualStudioVersion = 10.0.40219.1
Project("{FAE04EC0-301F-11D3-BF4B-00C04F79EFBC}") = "Client", "Client\Client.csproj", "{0E40ED44-F858-4CA6-8592-AE2C1E1AC17E}"
EndProject
Project("{FAE04EC0-301F-11D3-BF4B-00C04F79EFBC}") = "API", "API\API.csproj", "{C085CCEB-B39E-470C-BEC1-1BAD3D9BC2D2}"
EndProject
Project("{FAE04EC0-301F-11D3-BF4B-00C04F79EFBC}") = "Data", "Data\Data.csproj", "{491D33F3-59C4-4C85-9EE2-EAF7C9651AA7}"
EndProject
Global
	GlobalSection(SolutionConfigurationPlatforms) = preSolution
		Debug|Any CPU = Debug|Any CPU
		Release|Any CPU = Release|Any CPU
	EndGlobalSection
	GlobalSection(ProjectConfigurationPlatforms) = postSolution
		{0E40ED44-F858-4CA6-8592-AE2C1E1AC17E}.Debug|Any CPU.ActiveCfg = Debug|Any CPU
		{0E40ED44-F858-4CA6-8592-AE2C1E1AC17E}.Debug|Any CPU.Build.0 = Debug|Any CPU
		{0E40ED44-F858-4CA6-8592-AE2C1E1AC17E}.Release|Any CPU.ActiveCfg = Release|Any CPU
		{0E40ED44-F858-4CA6-8592-AE2C1E1AC17E}.Release|Any CPU.Build.0 = Release|Any CPU
		{C085CCEB-B39E-470C-BEC1-1BAD3D9BC2D2}.Debug|Any CPU.ActiveCfg = Debug|Any CPU
		{C085CCEB-B39E-470C-BEC1-1BAD3D9BC2D2}.Debug|Any CPU.Build.0 = Debug|Any CPU
		{C085CCEB-B39E-470C-BEC1-1BAD3D9BC2D2}.Release|Any CPU.ActiveCfg = Release|Any CPU
		{C085CCEB-B39E-470C-BEC1-1BAD3D9BC2D2}.Release|Any CPU.Build.0 = Release|Any CPU
		{491D33F3-59C4-4C85-9EE2-EAF7C9651AA7}.Debug|Any CPU.ActiveCfg = Debug|Any CPU
		{491D33F3-59C4-4C85-9EE2-EAF7C9651AA7}.Debug|Any CPU.Build.0 = Debug|Any CPU
		{491D33F3-59C4-4C85-9EE2-EAF7C9651AA7}.Release|Any CPU.ActiveCfg = Release|Any CPU
		{491D33F3-59C4-4C85-9EE2-EAF7C9651AA7}.Release|Any CPU.Build.0 = Release|Any CPU
	EndGlobalSection
	GlobalSection(SolutionProperties) = preSolution
		HideSolutionNode = FALSE
	EndGlobalSection
	GlobalSection(ExtensibilityGlobals) = postSolution
		SolutionGuid = {8C71C33F-C801-4A43-84ED-C62543CD26EF}
	EndGlobalSection
EndGlobal
